
Microsoft Visual Studio Solution File, Format Version 12.00
# Visual Studio 14
VisualStudioVersion = 14.0.25123.0
MinimumVisualStudioVersion = 10.0.40219.1
Project("{50386F73-EA20-45DD-AE42-F36B466FE7C0}") = "Sitecore.Support.74832", "Sitecore.Support.74832\Sitecore.Support.74832.csproj", "{8A53E879-47DA-4273-B305-DD3C5574AEB3}"
EndProject
Global
	GlobalSection(SolutionConfigurationPlatforms) = preSolution
		Debug|Any CPU = Debug|Any CPU
		Release|Any CPU = Release|Any CPU
	EndGlobalSection
	GlobalSection(ProjectConfigurationPlatforms) = postSolution
		{8A53E879-47DA-4273-B305-DD3C5574AEB3}.Debug|Any CPU.ActiveCfg = Debug|Any CPU
		{8A53E879-47DA-4273-B305-DD3C5574AEB3}.Debug|Any CPU.Build.0 = Debug|Any CPU
		{8A53E879-47DA-4273-B305-DD3C5574AEB3}.Release|Any CPU.ActiveCfg = Release|Any CPU
		{8A53E879-47DA-4273-B305-DD3C5574AEB3}.Release|Any CPU.Build.0 = Release|Any CPU
	EndGlobalSection
	GlobalSection(SolutionProperties) = preSolution
		HideSolutionNode = FALSE
	EndGlobalSection
EndGlobal
